
Microsoft Visual Studio Solution File, Format Version 12.00
# Visual Studio Version 16
VisualStudioVersion = 16.0.29728.190
MinimumVisualStudioVersion = 10.0.40219.1
Project("{9A19103F-16F7-4668-BE54-9A1E7A4F7556}") = "App.Core", "App.Core\App.Core.csproj", "{9A851A07-D0D1-4E85-9FE0-D54353DB5865}"
EndProject
Project("{9A19103F-16F7-4668-BE54-9A1E7A4F7556}") = "App.Infrastructure", "App.Infrastructure\App.Infrastructure.csproj", "{EAA9425F-4251-402C-BE60-1C3705A5AE8D}"
EndProject
Project("{9A19103F-16F7-4668-BE54-9A1E7A4F7556}") = "App.Web", "App.Web\App.Web.csproj", "{F5F24EBF-E722-435E-B77D-0A0E8D646C03}"
EndProject
Project("{FAE04EC0-301F-11D3-BF4B-00C04F79EFBC}") = "App.Movil", "App.Movil\App.Movil\App.Movil.csproj", "{57DC6ECA-077B-4FE3-813F-4D5C2B831D7E}"
EndProject
Project("{FAE04EC0-301F-11D3-BF4B-00C04F79EFBC}") = "App.Movil.Android", "App.Movil\App.Movil.Android\App.Movil.Android.csproj", "{928BE082-F3E1-4B41-9FD0-BA5AD0A3196C}"
EndProject
Project("{FAE04EC0-301F-11D3-BF4B-00C04F79EFBC}") = "App.Movil.iOS", "App.Movil\App.Movil.iOS\App.Movil.iOS.csproj", "{9D5C9AC0-332A-45ED-8B55-C5782090E6FE}"
EndProject
Project("{FAE04EC0-301F-11D3-BF4B-00C04F79EFBC}") = "App.Common", "App.Common\App.Common.csproj", "{065DDB84-9029-433D-AAD0-FE7EBBB2FD1E}"
EndProject
Global
	GlobalSection(SolutionConfigurationPlatforms) = preSolution
		Ad-Hoc|Any CPU = Ad-Hoc|Any CPU
		Ad-Hoc|iPhone = Ad-Hoc|iPhone
		Ad-Hoc|iPhoneSimulator = Ad-Hoc|iPhoneSimulator
		AppStore|Any CPU = AppStore|Any CPU
		AppStore|iPhone = AppStore|iPhone
		AppStore|iPhoneSimulator = AppStore|iPhoneSimulator
		Debug|Any CPU = Debug|Any CPU
		Debug|iPhone = Debug|iPhone
		Debug|iPhoneSimulator = Debug|iPhoneSimulator
		Release|Any CPU = Release|Any CPU
		Release|iPhone = Release|iPhone
		Release|iPhoneSimulator = Release|iPhoneSimulator
	EndGlobalSection
	GlobalSection(ProjectConfigurationPlatforms) = postSolution
		{9A851A07-D0D1-4E85-9FE0-D54353DB5865}.Ad-Hoc|Any CPU.ActiveCfg = Release|Any CPU
		{9A851A07-D0D1-4E85-9FE0-D54353DB5865}.Ad-Hoc|Any CPU.Build.0 = Release|Any CPU
		{9A851A07-D0D1-4E85-9FE0-D54353DB5865}.Ad-Hoc|iPhone.ActiveCfg = Release|Any CPU
		{9A851A07-D0D1-4E85-9FE0-D54353DB5865}.Ad-Hoc|iPhone.Build.0 = Release|Any CPU
		{9A851A07-D0D1-4E85-9FE0-D54353DB5865}.Ad-Hoc|iPhoneSimulator.ActiveCfg = Release|Any CPU
		{9A851A07-D0D1-4E85-9FE0-D54353DB5865}.Ad-Hoc|iPhoneSimulator.Build.0 = Release|Any CPU
		{9A851A07-D0D1-4E85-9FE0-D54353DB5865}.AppStore|Any CPU.ActiveCfg = Release|Any CPU
		{9A851A07-D0D1-4E85-9FE0-D54353DB5865}.AppStore|Any CPU.Build.0 = Release|Any CPU
		{9A851A07-D0D1-4E85-9FE0-D54353DB5865}.AppStore|iPhone.ActiveCfg = Release|Any CPU
		{9A851A07-D0D1-4E85-9FE0-D54353DB5865}.AppStore|iPhone.Build.0 = Release|Any CPU
		{9A851A07-D0D1-4E85-9FE0-D54353DB5865}.AppStore|iPhoneSimulator.ActiveCfg = Release|Any CPU
		{9A851A07-D0D1-4E85-9FE0-D54353DB5865}.AppStore|iPhoneSimulator.Build.0 = Release|Any CPU
		{9A851A07-D0D1-4E85-9FE0-D54353DB5865}.Debug|Any CPU.ActiveCfg = Debug|Any CPU
		{9A851A07-D0D1-4E85-9FE0-D54353DB5865}.Debug|Any CPU.Build.0 = Debug|Any CPU
		{9A851A07-D0D1-4E85-9FE0-D54353DB5865}.Debug|iPhone.ActiveCfg = Debug|Any CPU
		{9A851A07-D0D1-4E85-9FE0-D54353DB5865}.Debug|iPhone.Build.0 = Debug|Any CPU
		{9A851A07-D0D1-4E85-9FE0-D54353DB5865}.Debug|iPhoneSimulator.ActiveCfg = Debug|Any CPU
		{9A851A07-D0D1-4E85-9FE0-D54353DB5865}.Debug|iPhoneSimulator.Build.0 = Debug|Any CPU
		{9A851A07-D0D1-4E85-9FE0-D54353DB5865}.Release|Any CPU.ActiveCfg = Release|Any CPU
		{9A851A07-D0D1-4E85-9FE0-D54353DB5865}.Release|Any CPU.Build.0 = Release|Any CPU
		{9A851A07-D0D1-4E85-9FE0-D54353DB5865}.Release|iPhone.ActiveCfg = Release|Any CPU
		{9A851A07-D0D1-4E85-9FE0-D54353DB5865}.Release|iPhone.Build.0 = Release|Any CPU
		{9A851A07-D0D1-4E85-9FE0-D54353DB5865}.Release|iPhoneSimulator.ActiveCfg = Release|Any CPU
		{9A851A07-D0D1-4E85-9FE0-D54353DB5865}.Release|iPhoneSimulator.Build.0 = Release|Any CPU
		{EAA9425F-4251-402C-BE60-1C3705A5AE8D}.Ad-Hoc|Any CPU.ActiveCfg = Release|Any CPU
		{EAA9425F-4251-402C-BE60-1C3705A5AE8D}.Ad-Hoc|Any CPU.Build.0 = Release|Any CPU
		{EAA9425F-4251-402C-BE60-1C3705A5AE8D}.Ad-Hoc|iPhone.ActiveCfg = Release|Any CPU
		{EAA9425F-4251-402C-BE60-1C3705A5AE8D}.Ad-Hoc|iPhone.Build.0 = Release|Any CPU
		{EAA9425F-4251-402C-BE60-1C3705A5AE8D}.Ad-Hoc|iPhoneSimulator.ActiveCfg = Release|Any CPU
		{EAA9425F-4251-402C-BE60-1C3705A5AE8D}.Ad-Hoc|iPhoneSimulator.Build.0 = Release|Any CPU
		{EAA9425F-4251-402C-BE60-1C3705A5AE8D}.AppStore|Any CPU.ActiveCfg = Release|Any CPU
		{EAA9425F-4251-402C-BE60-1C3705A5AE8D}.AppStore|Any CPU.Build.0 = Release|Any CPU
		{EAA9425F-4251-402C-BE60-1C3705A5AE8D}.AppStore|iPhone.ActiveCfg = Release|Any CPU
		{EAA9425F-4251-402C-BE60-1C3705A5AE8D}.AppStore|iPhone.Build.0 = Release|Any CPU
		{EAA9425F-4251-402C-BE60-1C3705A5AE8D}.AppStore|iPhoneSimulator.ActiveCfg = Release|Any CPU
		{EAA9425F-4251-402C-BE60-1C3705A5AE8D}.AppStore|iPhoneSimulator.Build.0 = Release|Any CPU
		{EAA9425F-4251-402C-BE60-1C3705A5AE8D}.Debug|Any CPU.ActiveCfg = Debug|Any CPU
		{EAA9425F-4251-402C-BE60-1C3705A5AE8D}.Debug|Any CPU.Build.0 = Debug|Any CPU
		{EAA9425F-4251-402C-BE60-1C3705A5AE8D}.Debug|iPhone.ActiveCfg = Debug|Any CPU
		{EAA9425F-4251-402C-BE60-1C3705A5AE8D}.Debug|iPhone.Build.0 = Debug|Any CPU
		{EAA9425F-4251-402C-BE60-1C3705A5AE8D}.Debug|iPhoneSimulator.ActiveCfg = Debug|Any CPU
		{EAA9425F-4251-402C-BE60-1C3705A5AE8D}.Debug|iPhoneSimulator.Build.0 = Debug|Any CPU
		{EAA9425F-4251-402C-BE60-1C3705A5AE8D}.Release|Any CPU.ActiveCfg = Release|Any CPU
		{EAA9425F-4251-402C-BE60-1C3705A5AE8D}.Release|Any CPU.Build.0 = Release|Any CPU
		{EAA9425F-4251-402C-BE60-1C3705A5AE8D}.Release|iPhone.ActiveCfg = Release|Any CPU
		{EAA9425F-4251-402C-BE60-1C3705A5AE8D}.Release|iPhone.Build.0 = Release|Any CPU
		{EAA9425F-4251-402C-BE60-1C3705A5AE8D}.Release|iPhoneSimulator.ActiveCfg = Release|Any CPU
		{EAA9425F-4251-402C-BE60-1C3705A5AE8D}.Release|iPhoneSimulator.Build.0 = Release|Any CPU
		{F5F24EBF-E722-435E-B77D-0A0E8D646C03}.Ad-Hoc|Any CPU.ActiveCfg = Release|Any CPU
		{F5F24EBF-E722-435E-B77D-0A0E8D646C03}.Ad-Hoc|Any CPU.Build.0 = Release|Any CPU
		{F5F24EBF-E722-435E-B77D-0A0E8D646C03}.Ad-Hoc|iPhone.ActiveCfg = Release|Any CPU
		{F5F24EBF-E722-435E-B77D-0A0E8D646C03}.Ad-Hoc|iPhone.Build.0 = Release|Any CPU
		{F5F24EBF-E722-435E-B77D-0A0E8D646C03}.Ad-Hoc|iPhoneSimulator.ActiveCfg = Release|Any CPU
		{F5F24EBF-E722-435E-B77D-0A0E8D646C03}.Ad-Hoc|iPhoneSimulator.Build.0 = Release|Any CPU
		{F5F24EBF-E722-435E-B77D-0A0E8D646C03}.AppStore|Any CPU.ActiveCfg = Release|Any CPU
		{F5F24EBF-E722-435E-B77D-0A0E8D646C03}.AppStore|Any CPU.Build.0 = Release|Any CPU
		{F5F24EBF-E722-435E-B77D-0A0E8D646C03}.AppStore|iPhone.ActiveCfg = Release|Any CPU
		{F5F24EBF-E722-435E-B77D-0A0E8D646C03}.AppStore|iPhone.Build.0 = Release|Any CPU
		{F5F24EBF-E722-435E-B77D-0A0E8D646C03}.AppStore|iPhoneSimulator.ActiveCfg = Release|Any CPU
		{F5F24EBF-E722-435E-B77D-0A0E8D646C03}.AppStore|iPhoneSimulator.Build.0 = Release|Any CPU
		{F5F24EBF-E722-435E-B77D-0A0E8D646C03}.Debug|Any CPU.ActiveCfg = Debug|Any CPU
		{F5F24EBF-E722-435E-B77D-0A0E8D646C03}.Debug|Any CPU.Build.0 = Debug|Any CPU
		{F5F24EBF-E722-435E-B77D-0A0E8D646C03}.Debug|iPhone.ActiveCfg = Debug|Any CPU
		{F5F24EBF-E722-435E-B77D-0A0E8D646C03}.Debug|iPhone.Build.0 = Debug|Any CPU
		{F5F24EBF-E722-435E-B77D-0A0E8D646C03}.Debug|iPhoneSimulator.ActiveCfg = Debug|Any CPU
		{F5F24EBF-E722-435E-B77D-0A0E8D646C03}.Debug|iPhoneSimulator.Build.0 = Debug|Any CPU
		{F5F24EBF-E722-435E-B77D-0A0E8D646C03}.Release|Any CPU.ActiveCfg = Release|Any CPU
		{F5F24EBF-E722-435E-B77D-0A0E8D646C03}.Release|Any CPU.Build.0 = Release|Any CPU
		{F5F24EBF-E722-435E-B77D-0A0E8D646C03}.Release|iPhone.ActiveCfg = Release|Any CPU
		{F5F24EBF-E722-435E-B77D-0A0E8D646C03}.Release|iPhone.Build.0 = Release|Any CPU
		{F5F24EBF-E722-435E-B77D-0A0E8D646C03}.Release|iPhoneSimulator.ActiveCfg = Release|Any CPU
		{F5F24EBF-E722-435E-B77D-0A0E8D646C03}.Release|iPhoneSimulator.Build.0 = Release|Any CPU
		{57DC6ECA-077B-4FE3-813F-4D5C2B831D7E}.Ad-Hoc|Any CPU.ActiveCfg = Debug|Any CPU
		{57DC6ECA-077B-4FE3-813F-4D5C2B831D7E}.Ad-Hoc|Any CPU.Build.0 = Debug|Any CPU
		{57DC6ECA-077B-4FE3-813F-4D5C2B831D7E}.Ad-Hoc|iPhone.ActiveCfg = Debug|Any CPU
		{57DC6ECA-077B-4FE3-813F-4D5C2B831D7E}.Ad-Hoc|iPhone.Build.0 = Debug|Any CPU
		{57DC6ECA-077B-4FE3-813F-4D5C2B831D7E}.Ad-Hoc|iPhoneSimulator.ActiveCfg = Debug|Any CPU
		{57DC6ECA-077B-4FE3-813F-4D5C2B831D7E}.Ad-Hoc|iPhoneSimulator.Build.0 = Debug|Any CPU
		{57DC6ECA-077B-4FE3-813F-4D5C2B831D7E}.AppStore|Any CPU.ActiveCfg = Debug|Any CPU
		{57DC6ECA-077B-4FE3-813F-4D5C2B831D7E}.AppStore|Any CPU.Build.0 = Debug|Any CPU
		{57DC6ECA-077B-4FE3-813F-4D5C2B831D7E}.AppStore|iPhone.ActiveCfg = Debug|Any CPU
		{57DC6ECA-077B-4FE3-813F-4D5C2B831D7E}.AppStore|iPhone.Build.0 = Debug|Any CPU
		{57DC6ECA-077B-4FE3-813F-4D5C2B831D7E}.AppStore|iPhoneSimulator.ActiveCfg = Debug|Any CPU
		{57DC6ECA-077B-4FE3-813F-4D5C2B831D7E}.AppStore|iPhoneSimulator.Build.0 = Debug|Any CPU
		{57DC6ECA-077B-4FE3-813F-4D5C2B831D7E}.Debug|Any CPU.ActiveCfg = Debug|Any CPU
		{57DC6ECA-077B-4FE3-813F-4D5C2B831D7E}.Debug|Any CPU.Build.0 = Debug|Any CPU
		{57DC6ECA-077B-4FE3-813F-4D5C2B831D7E}.Debug|iPhone.ActiveCfg = Debug|Any CPU
		{57DC6ECA-077B-4FE3-813F-4D5C2B831D7E}.Debug|iPhone.Build.0 = Debug|Any CPU
		{57DC6ECA-077B-4FE3-813F-4D5C2B831D7E}.Debug|iPhoneSimulator.ActiveCfg = Debug|Any CPU
		{57DC6ECA-077B-4FE3-813F-4D5C2B831D7E}.Debug|iPhoneSimulator.Build.0 = Debug|Any CPU
		{57DC6ECA-077B-4FE3-813F-4D5C2B831D7E}.Release|Any CPU.ActiveCfg = Release|Any CPU
		{57DC6ECA-077B-4FE3-813F-4D5C2B831D7E}.Release|Any CPU.Build.0 = Release|Any CPU
		{57DC6ECA-077B-4FE3-813F-4D5C2B831D7E}.Release|iPhone.ActiveCfg = Release|Any CPU
		{57DC6ECA-077B-4FE3-813F-4D5C2B831D7E}.Release|iPhone.Build.0 = Release|Any CPU
		{57DC6ECA-077B-4FE3-813F-4D5C2B831D7E}.Release|iPhoneSimulator.ActiveCfg = Release|Any CPU
		{57DC6ECA-077B-4FE3-813F-4D5C2B831D7E}.Release|iPhoneSimulator.Build.0 = Release|Any CPU
		{928BE082-F3E1-4B41-9FD0-BA5AD0A3196C}.Ad-Hoc|Any CPU.ActiveCfg = Debug|Any CPU
		{928BE082-F3E1-4B41-9FD0-BA5AD0A3196C}.Ad-Hoc|Any CPU.Build.0 = Debug|Any CPU
		{928BE082-F3E1-4B41-9FD0-BA5AD0A3196C}.Ad-Hoc|Any CPU.Deploy.0 = Debug|Any CPU
		{928BE082-F3E1-4B41-9FD0-BA5AD0A3196C}.Ad-Hoc|iPhone.ActiveCfg = Debug|Any CPU
		{928BE082-F3E1-4B41-9FD0-BA5AD0A3196C}.Ad-Hoc|iPhone.Build.0 = Debug|Any CPU
		{928BE082-F3E1-4B41-9FD0-BA5AD0A3196C}.Ad-Hoc|iPhone.Deploy.0 = Debug|Any CPU
		{928BE082-F3E1-4B41-9FD0-BA5AD0A3196C}.Ad-Hoc|iPhoneSimulator.ActiveCfg = Debug|Any CPU
		{928BE082-F3E1-4B41-9FD0-BA5AD0A3196C}.Ad-Hoc|iPhoneSimulator.Build.0 = Debug|Any CPU
		{928BE082-F3E1-4B41-9FD0-BA5AD0A3196C}.Ad-Hoc|iPhoneSimulator.Deploy.0 = Debug|Any CPU
		{928BE082-F3E1-4B41-9FD0-BA5AD0A3196C}.AppStore|Any CPU.ActiveCfg = Debug|Any CPU
		{928BE082-F3E1-4B41-9FD0-BA5AD0A3196C}.AppStore|Any CPU.Build.0 = Debug|Any CPU
		{928BE082-F3E1-4B41-9FD0-BA5AD0A3196C}.AppStore|Any CPU.Deploy.0 = Debug|Any CPU
		{928BE082-F3E1-4B41-9FD0-BA5AD0A3196C}.AppStore|iPhone.ActiveCfg = Debug|Any CPU
		{928BE082-F3E1-4B41-9FD0-BA5AD0A3196C}.AppStore|iPhone.Build.0 = Debug|Any CPU
		{928BE082-F3E1-4B41-9FD0-BA5AD0A3196C}.AppStore|iPhone.Deploy.0 = Debug|Any CPU
		{928BE082-F3E1-4B41-9FD0-BA5AD0A3196C}.AppStore|iPhoneSimulator.ActiveCfg = Debug|Any CPU
		{928BE082-F3E1-4B41-9FD0-BA5AD0A3196C}.AppStore|iPhoneSimulator.Build.0 = Debug|Any CPU
		{928BE082-F3E1-4B41-9FD0-BA5AD0A3196C}.AppStore|iPhoneSimulator.Deploy.0 = Debug|Any CPU
		{928BE082-F3E1-4B41-9FD0-BA5AD0A3196C}.Debug|Any CPU.ActiveCfg = Debug|Any CPU
		{928BE082-F3E1-4B41-9FD0-BA5AD0A3196C}.Debug|Any CPU.Build.0 = Debug|Any CPU
		{928BE082-F3E1-4B41-9FD0-BA5AD0A3196C}.Debug|Any CPU.Deploy.0 = Debug|Any CPU
		{928BE082-F3E1-4B41-9FD0-BA5AD0A3196C}.Debug|iPhone.ActiveCfg = Debug|Any CPU
		{928BE082-F3E1-4B41-9FD0-BA5AD0A3196C}.Debug|iPhone.Build.0 = Debug|Any CPU
		{928BE082-F3E1-4B41-9FD0-BA5AD0A3196C}.Debug|iPhone.Deploy.0 = Debug|Any CPU
		{928BE082-F3E1-4B41-9FD0-BA5AD0A3196C}.Debug|iPhoneSimulator.ActiveCfg = Debug|Any CPU
		{928BE082-F3E1-4B41-9FD0-BA5AD0A3196C}.Debug|iPhoneSimulator.Build.0 = Debug|Any CPU
		{928BE082-F3E1-4B41-9FD0-BA5AD0A3196C}.Debug|iPhoneSimulator.Deploy.0 = Debug|Any CPU
		{928BE082-F3E1-4B41-9FD0-BA5AD0A3196C}.Release|Any CPU.ActiveCfg = Release|Any CPU
		{928BE082-F3E1-4B41-9FD0-BA5AD0A3196C}.Release|Any CPU.Build.0 = Release|Any CPU
		{928BE082-F3E1-4B41-9FD0-BA5AD0A3196C}.Release|Any CPU.Deploy.0 = Release|Any CPU
		{928BE082-F3E1-4B41-9FD0-BA5AD0A3196C}.Release|iPhone.ActiveCfg = Release|Any CPU
		{928BE082-F3E1-4B41-9FD0-BA5AD0A3196C}.Release|iPhone.Build.0 = Release|Any CPU
		{928BE082-F3E1-4B41-9FD0-BA5AD0A3196C}.Release|iPhone.Deploy.0 = Release|Any CPU
		{928BE082-F3E1-4B41-9FD0-BA5AD0A3196C}.Release|iPhoneSimulator.ActiveCfg = Release|Any CPU
		{928BE082-F3E1-4B41-9FD0-BA5AD0A3196C}.Release|iPhoneSimulator.Build.0 = Release|Any CPU
		{928BE082-F3E1-4B41-9FD0-BA5AD0A3196C}.Release|iPhoneSimulator.Deploy.0 = Release|Any CPU
		{9D5C9AC0-332A-45ED-8B55-C5782090E6FE}.Ad-Hoc|Any CPU.ActiveCfg = Ad-Hoc|iPhoneSimulator
		{9D5C9AC0-332A-45ED-8B55-C5782090E6FE}.Ad-Hoc|iPhone.ActiveCfg = Ad-Hoc|iPhone
		{9D5C9AC0-332A-45ED-8B55-C5782090E6FE}.Ad-Hoc|iPhone.Build.0 = Ad-Hoc|iPhone
		{9D5C9AC0-332A-45ED-8B55-C5782090E6FE}.Ad-Hoc|iPhoneSimulator.ActiveCfg = Ad-Hoc|iPhoneSimulator
		{9D5C9AC0-332A-45ED-8B55-C5782090E6FE}.Ad-Hoc|iPhoneSimulator.Build.0 = Ad-Hoc|iPhoneSimulator
		{9D5C9AC0-332A-45ED-8B55-C5782090E6FE}.AppStore|Any CPU.ActiveCfg = AppStore|iPhoneSimulator
		{9D5C9AC0-332A-45ED-8B55-C5782090E6FE}.AppStore|iPhone.ActiveCfg = AppStore|iPhone
		{9D5C9AC0-332A-45ED-8B55-C5782090E6FE}.AppStore|iPhone.Build.0 = AppStore|iPhone
		{9D5C9AC0-332A-45ED-8B55-C5782090E6FE}.AppStore|iPhoneSimulator.ActiveCfg = AppStore|iPhoneSimulator
		{9D5C9AC0-332A-45ED-8B55-C5782090E6FE}.AppStore|iPhoneSimulator.Build.0 = AppStore|iPhoneSimulator
		{9D5C9AC0-332A-45ED-8B55-C5782090E6FE}.Debug|Any CPU.ActiveCfg = Debug|iPhoneSimulator
		{9D5C9AC0-332A-45ED-8B55-C5782090E6FE}.Debug|iPhone.ActiveCfg = Debug|iPhone
		{9D5C9AC0-332A-45ED-8B55-C5782090E6FE}.Debug|iPhone.Build.0 = Debug|iPhone
		{9D5C9AC0-332A-45ED-8B55-C5782090E6FE}.Debug|iPhoneSimulator.ActiveCfg = Debug|iPhoneSimulator
		{9D5C9AC0-332A-45ED-8B55-C5782090E6FE}.Debug|iPhoneSimulator.Build.0 = Debug|iPhoneSimulator
		{9D5C9AC0-332A-45ED-8B55-C5782090E6FE}.Release|Any CPU.ActiveCfg = Release|iPhoneSimulator
		{9D5C9AC0-332A-45ED-8B55-C5782090E6FE}.Release|iPhone.ActiveCfg = Release|iPhone
		{9D5C9AC0-332A-45ED-8B55-C5782090E6FE}.Release|iPhone.Build.0 = Release|iPhone
		{9D5C9AC0-332A-45ED-8B55-C5782090E6FE}.Release|iPhoneSimulator.ActiveCfg = Release|iPhoneSimulator
		{9D5C9AC0-332A-45ED-8B55-C5782090E6FE}.Release|iPhoneSimulator.Build.0 = Release|iPhoneSimulator
		{065DDB84-9029-433D-AAD0-FE7EBBB2FD1E}.Ad-Hoc|Any CPU.ActiveCfg = Debug|Any CPU
		{065DDB84-9029-433D-AAD0-FE7EBBB2FD1E}.Ad-Hoc|Any CPU.Build.0 = Debug|Any CPU
		{065DDB84-9029-433D-AAD0-FE7EBBB2FD1E}.Ad-Hoc|iPhone.ActiveCfg = Debug|Any CPU
		{065DDB84-9029-433D-AAD0-FE7EBBB2FD1E}.Ad-Hoc|iPhone.Build.0 = Debug|Any CPU
		{065DDB84-9029-433D-AAD0-FE7EBBB2FD1E}.Ad-Hoc|iPhoneSimulator.ActiveCfg = Debug|Any CPU
		{065DDB84-9029-433D-AAD0-FE7EBBB2FD1E}.Ad-Hoc|iPhoneSimulator.Build.0 = Debug|Any CPU
		{065DDB84-9029-433D-AAD0-FE7EBBB2FD1E}.AppStore|Any CPU.ActiveCfg = Debug|Any CPU
		{065DDB84-9029-433D-AAD0-FE7EBBB2FD1E}.AppStore|Any CPU.Build.0 = Debug|Any CPU
		{065DDB84-9029-433D-AAD0-FE7EBBB2FD1E}.AppStore|iPhone.ActiveCfg = Debug|Any CPU
		{065DDB84-9029-433D-AAD0-FE7EBBB2FD1E}.AppStore|iPhone.Build.0 = Debug|Any CPU
		{065DDB84-9029-433D-AAD0-FE7EBBB2FD1E}.AppStore|iPhoneSimulator.ActiveCfg = Debug|Any CPU
		{065DDB84-9029-433D-AAD0-FE7EBBB2FD1E}.AppStore|iPhoneSimulator.Build.0 = Debug|Any CPU
		{065DDB84-9029-433D-AAD0-FE7EBBB2FD1E}.Debug|Any CPU.ActiveCfg = Debug|Any CPU
		{065DDB84-9029-433D-AAD0-FE7EBBB2FD1E}.Debug|Any CPU.Build.0 = Debug|Any CPU
		{065DDB84-9029-433D-AAD0-FE7EBBB2FD1E}.Debug|iPhone.ActiveCfg = Debug|Any CPU
		{065DDB84-9029-433D-AAD0-FE7EBBB2FD1E}.Debug|iPhone.Build.0 = Debug|Any CPU
		{065DDB84-9029-433D-AAD0-FE7EBBB2FD1E}.Debug|iPhoneSimulator.ActiveCfg = Debug|Any CPU
		{065DDB84-9029-433D-AAD0-FE7EBBB2FD1E}.Debug|iPhoneSimulator.Build.0 = Debug|Any CPU
		{065DDB84-9029-433D-AAD0-FE7EBBB2FD1E}.Release|Any CPU.ActiveCfg = Release|Any CPU
		{065DDB84-9029-433D-AAD0-FE7EBBB2FD1E}.Release|Any CPU.Build.0 = Release|Any CPU
		{065DDB84-9029-433D-AAD0-FE7EBBB2FD1E}.Release|iPhone.ActiveCfg = Release|Any CPU
		{065DDB84-9029-433D-AAD0-FE7EBBB2FD1E}.Release|iPhone.Build.0 = Release|Any CPU
		{065DDB84-9029-433D-AAD0-FE7EBBB2FD1E}.Release|iPhoneSimulator.ActiveCfg = Release|Any CPU
		{065DDB84-9029-433D-AAD0-FE7EBBB2FD1E}.Release|iPhoneSimulator.Build.0 = Release|Any CPU
	EndGlobalSection
	GlobalSection(SolutionProperties) = preSolution
		HideSolutionNode = FALSE
	EndGlobalSection
	GlobalSection(ExtensibilityGlobals) = postSolution
		SolutionGuid = {BE1DE9FE-C530-4F78-B389-95C926A33858}
	EndGlobalSection
EndGlobal
